
Microsoft Visual Studio Solution File, Format Version 12.00
# Visual Studio Version 17
VisualStudioVersion = 17.11.35303.130
MinimumVisualStudioVersion = 10.0.40219.1
Project("{FAE04EC0-301F-11D3-BF4B-00C04F79EFBC}") = "WebApps", "WebApps\WebApps.csproj", "{9F71E6E2-C544-44C3-AA0E-4326BC87B8CC}"
EndProject
Global
	GlobalSection(SolutionConfigurationPlatforms) = preSolution
		Debug|Any CPU = Debug|Any CPU
		Release|Any CPU = Release|Any CPU
	EndGlobalSection
	GlobalSection(ProjectConfigurationPlatforms) = postSolution
		{9F71E6E2-C544-44C3-AA0E-4326BC87B8CC}.Debug|Any CPU.ActiveCfg = Debug|Any CPU
		{9F71E6E2-C544-44C3-AA0E-4326BC87B8CC}.Debug|Any CPU.Build.0 = Debug|Any CPU
		{9F71E6E2-C544-44C3-AA0E-4326BC87B8CC}.Release|Any CPU.ActiveCfg = Release|Any CPU
		{9F71E6E2-C544-44C3-AA0E-4326BC87B8CC}.Release|Any CPU.Build.0 = Release|Any CPU
	EndGlobalSection
	GlobalSection(SolutionProperties) = preSolution
		HideSolutionNode = FALSE
	EndGlobalSection
	GlobalSection(ExtensibilityGlobals) = postSolution
		SolutionGuid = {C839665D-2FAA-4BAF-8821-73AB02A97141}
	EndGlobalSection
EndGlobal
